
Microsoft Visual Studio Solution File, Format Version 12.00
# Visual Studio Version 17
VisualStudioVersion = 17.11.35219.272
MinimumVisualStudioVersion = 10.0.40219.1
Project("{FAE04EC0-301F-11D3-BF4B-00C04F79EFBC}") = "03.10.24 1 zadanie", "03.10.24 1 zadanie\03.10.24 1 zadanie.csproj", "{0326B64A-7C29-4644-9601-47D4FA588726}"
EndProject
Global
	GlobalSection(SolutionConfigurationPlatforms) = preSolution
		Debug|Any CPU = Debug|Any CPU
		Release|Any CPU = Release|Any CPU
	EndGlobalSection
	GlobalSection(ProjectConfigurationPlatforms) = postSolution
		{0326B64A-7C29-4644-9601-47D4FA588726}.Debug|Any CPU.ActiveCfg = Debug|Any CPU
		{0326B64A-7C29-4644-9601-47D4FA588726}.Debug|Any CPU.Build.0 = Debug|Any CPU
		{0326B64A-7C29-4644-9601-47D4FA588726}.Release|Any CPU.ActiveCfg = Release|Any CPU
		{0326B64A-7C29-4644-9601-47D4FA588726}.Release|Any CPU.Build.0 = Release|Any CPU
	EndGlobalSection
	GlobalSection(SolutionProperties) = preSolution
		HideSolutionNode = FALSE
	EndGlobalSection
	GlobalSection(ExtensibilityGlobals) = postSolution
		SolutionGuid = {474E65F8-4BF0-4242-889B-F654852317B8}
	EndGlobalSection
EndGlobal
